
Microsoft Visual Studio Solution File, Format Version 12.00
Project("{FAE04EC0-301F-11D3-BF4B-00C04F79EFBC}") = "FelixxContentPack", "FelixxContentPack.csproj", "{89987A16-8887-4072-BD17-56CC511FA0EE}"
EndProject
Global
	GlobalSection(SolutionConfigurationPlatforms) = preSolution
		Debug|Any CPU = Debug|Any CPU
		ExportDebug|Any CPU = ExportDebug|Any CPU
		ExportRelease|Any CPU = ExportRelease|Any CPU
	EndGlobalSection
	GlobalSection(ProjectConfigurationPlatforms) = postSolution
		{89987A16-8887-4072-BD17-56CC511FA0EE}.Debug|Any CPU.ActiveCfg = Debug|Any CPU
		{89987A16-8887-4072-BD17-56CC511FA0EE}.Debug|Any CPU.Build.0 = Debug|Any CPU
		{89987A16-8887-4072-BD17-56CC511FA0EE}.ExportDebug|Any CPU.ActiveCfg = ExportDebug|Any CPU
		{89987A16-8887-4072-BD17-56CC511FA0EE}.ExportDebug|Any CPU.Build.0 = ExportDebug|Any CPU
		{89987A16-8887-4072-BD17-56CC511FA0EE}.ExportRelease|Any CPU.ActiveCfg = ExportRelease|Any CPU
		{89987A16-8887-4072-BD17-56CC511FA0EE}.ExportRelease|Any CPU.Build.0 = ExportRelease|Any CPU
	EndGlobalSection
EndGlobal
